// !$*UTF8*$!
{
	archiveVersion = 1;
	classes = {
	};
	objectVersion = 50;
	objects = {

/* Begin PBXBuildFile section */
		BDAB079624B8BE0800828FEB /* AppDelegate.swift in Sources */ = {isa = PBXBuildFile; fileRef = BDAB079524B8BE0800828FEB /* AppDelegate.swift */; };
		BDAB079824B8BE0800828FEB /* SceneDelegate.swift in Sources */ = {isa = PBXBuildFile; fileRef = BDAB079724B8BE0800828FEB /* SceneDelegate.swift */; };
		BDAB079A24B8BE0800828FEB /* ContentView.swift in Sources */ = {isa = PBXBuildFile; fileRef = BDAB079924B8BE0800828FEB /* ContentView.swift */; };
		BDAB079C24B8BE0A00828FEB /* Assets.xcassets in Resources */ = {isa = PBXBuildFile; fileRef = BDAB079B24B8BE0A00828FEB /* Assets.xcassets */; };
		BDAB079F24B8BE0A00828FEB /* Preview Assets.xcassets in Resources */ = {isa = PBXBuildFile; fileRef = BDAB079E24B8BE0A00828FEB /* Preview Assets.xcassets */; };
		BDAB07A224B8BE0A00828FEB /* LaunchScreen.storyboard in Resources */ = {isa = PBXBuildFile; fileRef = BDAB07A024B8BE0A00828FEB /* LaunchScreen.storyboard */; };
/* End PBXBuildFile section */

/* Begin PBXFileReference section */
		BDAB079224B8BE0800828FEB /* SwiftUIBiometrics.app */ = {isa = PBXFileReference; explicitFileType = wrapper.application; includeInIndex = 0; path = SwiftUIBiometrics.app; sourceTree = BUILT_PRODUCTS_DIR; };
		BDAB079524B8BE0800828FEB /* AppDelegate.swift */ = {isa = PBXFileReference; lastKnownFileType = sourcecode.swift; path = AppDelegate.swift; sourceTree = "<group>"; };
		BDAB079724B8BE0800828FEB /* SceneDelegate.swift */ = {isa = PBXFileReference; lastKnownFileType = sourcecode.swift; path = SceneDelegate.swift; sourceTree = "<group>"; };
		BDAB079924B8BE0800828FEB /* ContentView.swift */ = {isa = PBXFileReference; lastKnownFileType = sourcecode.swift; path = ContentView.swift; sourceTree = "<group>"; };
		BDAB079B24B8BE0A00828FEB /* Assets.xcassets */ = {isa = PBXFileReference; lastKnownFileType = folder.assetcatalog; path = Assets.xcassets; sourceTree = "<group>"; };
		BDAB079E24B8BE0A00828FEB /* Preview Assets.xcassets */ = {isa = PBXFileReference; lastKnownFileType = folder.assetcatalog; path = "Preview Assets.xcassets"; sourceTree = "<group>"; };
		BDAB07A124B8BE0A00828FEB /* Base */ = {isa = PBXFileReference; lastKnownFileType = file.storyboard; name = Base; path = Base.lproj/LaunchScreen.storyboard; sourceTree = "<group>"; };
		BDAB07A324B8BE0A00828FEB /* Info.plist */ = {isa = PBXFileReference; lastKnownFileType = text.plist.xml; path = Info.plist; sourceTree = "<group>"; };
/* End PBXFileReference section */

/* Begin PBXFrameworksBuildPhase section */
		BDAB078F24B8BE0800828FEB /* Frameworks */ = {
			isa = PBXFrameworksBuildPhase;
			buildActionMask = 2147483647;
			files = (
			);
			runOnlyForDeploymentPostprocessing = 0;
		};
/* End PBXFrameworksBuildPhase section */

/* Begin PBXGroup section */
		BDAB078924B8BE0800828FEB = {
			isa = PBXGroup;
			children = (
				BDAB079424B8BE0800828FEB /* SwiftUIBiometrics */,
				BDAB079324B8BE0800828FEB /* Products */,
			);
			sourceTree = "<group>";
		};
		BDAB079324B8BE0800828FEB /* Products */ = {
			isa = PBXGroup;
			children = (
				BDAB079224B8BE0800828FEB /* SwiftUIBiometrics.app */,
			);
			name = Products;
			sourceTree = "<group>";
		};
		BDAB079424B8BE0800828FEB /* SwiftUIBiometrics */ = {
			isa = PBXGroup;
			children = (
				BDAB079524B8BE0800828FEB /* AppDelegate.swift */,
				BDAB079724B8BE0800828FEB /* SceneDelegate.swift */,
				BDAB079924B8BE0800828FEB /* ContentView.swift */,
				BDAB079B24B8BE0A00828FEB /* Assets.xcassets */,
				BDAB07A024B8BE0A00828FEB /* LaunchScreen.storyboard */,
				BDAB07A324B8BE0A00828FEB /* Info.plist */,
				BDAB079D24B8BE0A00828FEB /* Preview Content */,
			);
			path = SwiftUIBiometrics;
			sourceTree = "<group>";
		};
		BDAB079D24B8BE0A00828FEB /* Preview Content */ = {
			isa = PBXGroup;
			children = (
				BDAB079E24B8BE0A00828FEB /* Preview Assets.xcassets */,
			);
			path = "Preview Content";
			sourceTree = "<group>";
		};
/* End PBXGroup section */

/* Begin PBXNativeTarget section */
		BDAB079124B8BE0800828FEB /* SwiftUIBiometrics */ = {
			isa = PBXNativeTarget;
			buildConfigurationList = BDAB07A624B8BE0A00828FEB /* Build configuration list for PBXNativeTarget "SwiftUIBiometrics" */;
			buildPhases = (
				BDAB078E24B8BE0800828FEB /* Sources */,
				BDAB078F24B8BE0800828FEB /* Frameworks */,
				BDAB079024B8BE0800828FEB /* Resources */,
			);
			buildRules = (
			);
			dependencies = (
			);
			name = SwiftUIBiometrics;
			productName = SwiftUIBiometrics;
			productReference = BDAB079224B8BE0800828FEB /* SwiftUIBiometrics.app */;
			productType = "com.apple.product-type.application";
		};
/* End PBXNativeTarget section */

/* Begin PBXProject section */
		BDAB078A24B8BE0800828FEB /* Project object */ = {
			isa = PBXProject;
			attributes = {
				LastSwiftUpdateCheck = 1200;
				LastUpgradeCheck = 1200;
				TargetAttributes = {
					BDAB079124B8BE0800828FEB = {
						CreatedOnToolsVersion = 12.0;
					};
				};
			};
			buildConfigurationList = BDAB078D24B8BE0800828FEB /* Build configuration list for PBXProject "SwiftUIBiometrics" */;
			compatibilityVersion = "Xcode 9.3";
			developmentRegion = en;
			hasScannedForEncodings = 0;
			knownRegions = (
				en,
				Base,
			);
			mainGroup = BDAB078924B8BE0800828FEB;
			productRefGroup = BDAB079324B8BE0800828FEB /* Products */;
			projectDirPath = "";
			projectRoot = "";
			targets = (
				BDAB079124B8BE0800828FEB /* SwiftUIBiometrics */,
			);
		};
/* End PBXProject section */

/* Begin PBXResourcesBuildPhase section */
		BDAB079024B8BE0800828FEB /* Resources */ = {
			isa = PBXResourcesBuildPhase;
			buildActionMask = 2147483647;
			files = (
				BDAB07A224B8BE0A00828FEB /* LaunchScreen.storyboard in Resources */,
				BDAB079F24B8BE0A00828FEB /* Preview Assets.xcassets in Resources */,
				BDAB079C24B8BE0A00828FEB /* Assets.xcassets in Resources */,
			);
			runOnlyForDeploymentPostprocessing = 0;
		};
/* End PBXResourcesBuildPhase section */

/* Begin PBXSourcesBuildPhase section */
		BDAB078E24B8BE0800828FEB /* Sources */ = {
			isa = PBXSourcesBuildPhase;
			buildActionMask = 2147483647;
			files = (
				BDAB079624B8BE0800828FEB /* AppDelegate.swift in Sources */,
				BDAB079824B8BE0800828FEB /* SceneDelegate.swift in Sources */,
				BDAB079A24B8BE0800828FEB /* ContentView.swift in Sources */,
			);
			runOnlyForDeploymentPostprocessing = 0;
		};
/* End PBXSourcesBuildPhase section */

/* Begin PBXVariantGroup section */
		BDAB07A024B8BE0A00828FEB /* LaunchScreen.storyboard */ = {
			isa = PBXVariantGroup;
			children = (
				BDAB07A124B8BE0A00828FEB /* Base */,
			);
			name = LaunchScreen.storyboard;
			sourceTree = "<group>";
		};
/* End PBXVariantGroup section */

/* Begin XCBuildConfiguration section */
		BDAB07A424B8BE0A00828FEB /* Debug */ = {
			isa = XCBuildConfiguration;
			buildSettings = {
				ALWAYS_SEARCH_USER_PATHS = NO;
				CLANG_ANALYZER_NONNULL = YES;
				CLANG_ANALYZER_NUMBER_OBJECT_CONVERSION = YES_AGGRESSIVE;
				CLANG_CXX_LANGUAGE_STANDARD = "gnu++14";
				CLANG_CXX_LIBRARY = "libc++";
				CLANG_ENABLE_MODULES = YES;
				CLANG_ENABLE_OBJC_ARC = YES;
				CLANG_ENABLE_OBJC_WEAK = YES;
				CLANG_WARN_BLOCK_CAPTURE_AUTORELEASING = YES;
				CLANG_WARN_BOOL_CONVERSION = YES;
				CLANG_WARN_COMMA = YES;
				CLANG_WARN_CONSTANT_CONVERSION = YES;
				CLANG_WARN_DEPRECATED_OBJC_IMPLEMENTATIONS = YES;
				CLANG_WARN_DIRECT_OBJC_ISA_USAGE = YES_ERROR;
				CLANG_WARN_DOCUMENTATION_COMMENTS = YES;
				CLANG_WARN_EMPTY_BODY = YES;
				CLANG_WARN_ENUM_CONVERSION = YES;
				CLANG_WARN_INFINITE_RECURSION = YES;
				CLANG_WARN_INT_CONVERSION = YES;
				CLANG_WARN_NON_LITERAL_NULL_CONVERSION = YES;
				CLANG_WARN_OBJC_IMPLICIT_RETAIN_SELF = YES;
				CLANG_WARN_OBJC_LITERAL_CONVERSION = YES;
				CLANG_WARN_OBJC_ROOT_CLASS = YES_ERROR;
				CLANG_WARN_QUOTED_INCLUDE_IN_FRAMEWORK_HEADER = YES;
				CLANG_WARN_RANGE_LOOP_ANALYSIS = YES;
				CLANG_WARN_STRICT_PROTOTYPES = YES;
				CLANG_WARN_SUSPICIOUS_MOVE = YES;
				CLANG_WARN_UNGUARDED_AVAILABILITY = YES_AGGRESSIVE;
				CLANG_WARN_UNREACHABLE_CODE = YES;
				CLANG_WARN__DUPLICATE_METHOD_MATCH = YES;
				COPY_PHASE_STRIP = NO;
				DEBUG_INFORMATION_FORMAT = dwarf;
				ENABLE_STRICT_OBJC_MSGSEND = YES;
				ENABLE_TESTABILITY = YES;
				GCC_C_LANGUAGE_STANDARD = gnu11;
				GCC_DYNAMIC_NO_PIC = NO;
				GCC_NO_COMMON_BLOCKS = YES;
				GCC_OPTIMIZATION_LEVEL = 0;
				GCC_PREPROCESSOR_DEFINITIONS = (
					"DEBUG=1",
					"$(inherited)",
				);
				GCC_WARN_64_TO_32_BIT_CONVERSION = YES;
				GCC_WARN_ABOUT_RETURN_TYPE = YES_ERROR;
				GCC_WARN_UNDECLARED_SELECTOR = YES;
				GCC_WARN_UNINITIALIZED_AUTOS = YES_AGGRESSIVE;
				GCC_WARN_UNUSED_FUNCTION = YES;
				GCC_WARN_UNUSED_VARIABLE = YES;
				IPHONEOS_DEPLOYMENT_TARGET = 14.0;
				MTL_ENABLE_DEBUG_INFO = INCLUDE_SOURCE;
				MTL_FAST_MATH = YES;
				ONLY_ACTIVE_ARCH = YES;
				SDKROOT = iphoneos;
				SWIFT_ACTIVE_COMPILATION_CONDITIONS = DEBUG;
				SWIFT_OPTIMIZATION_LEVEL = "-Onone";
			};
			name = Debug;
		};
		BDAB07A524B8BE0A00828FEB /* Release */ = {
			isa = XCBuildConfiguration;
			buildSettings = {
				ALWAYS_SEARCH_USER_PATHS = NO;
				CLANG_ANALYZER_NONNULL = YES;
				CLANG_ANALYZER_NUMBER_OBJECT_CONVERSION = YES_AGGRESSIVE;
				CLANG_CXX_LANGUAGE_STANDARD = "gnu++14";
				CLANG_CXX_LIBRARY = "libc++";
				CLANG_ENABLE_MODULES = YES;
				CLANG_ENABLE_OBJC_ARC = YES;
				CLANG_ENABLE_OBJC_WEAK = YES;
				CLANG_WARN_BLOCK_CAPTURE_AUTORELEASING = YES;
				CLANG_WARN_BOOL_CONVERSION = YES;
				CLANG_WARN_COMMA = YES;
				CLANG_WARN_CONSTANT_CONVERSION = YES;
				CLANG_WARN_DEPRECATED_OBJC_IMPLEMENTATIONS = YES;
				CLANG_WARN_DIRECT_OBJC_ISA_USAGE = YES_ERROR;
				CLANG_WARN_DOCUMENTATION_COMMENTS = YES;
				CLANG_WARN_EMPTY_BODY = YES;
				CLANG_WARN_ENUM_CONVERSION = YES;
				CLANG_WARN_INFINITE_RECURSION = YES;
				CLANG_WARN_INT_CONVERSION = YES;
				CLANG_WARN_NON_LITERAL_NULL_CONVERSION = YES;
				CLANG_WARN_OBJC_IMPLICIT_RETAIN_SELF = YES;
				CLANG_WARN_OBJC_LITERAL_CONVERSION = YES;
				CLANG_WARN_OBJC_ROOT_CLASS = YES_ERROR;
				CLANG_WARN_QUOTED_INCLUDE_IN_FRAMEWORK_HEADER = YES;
				CLANG_WARN_RANGE_LOOP_ANALYSIS = YES;
				CLANG_WARN_STRICT_PROTOTYPES = YES;
				CLANG_WARN_SUSPICIOUS_MOVE = YES;
				CLANG_WARN_UNGUARDED_AVAILABILITY = YES_AGGRESSIVE;
				CLANG_WARN_UNREACHABLE_CODE = YES;
				CLANG_WARN__DUPLICATE_METHOD_MATCH = YES;
				COPY_PHASE_STRIP = NO;
				DEBUG_INFORMATION_FORMAT = "dwarf-with-dsym";
				ENABLE_NS_ASSERTIONS = NO;
				ENABLE_STRICT_OBJC_MSGSEND = YES;
				GCC_C_LANGUAGE_STANDARD = gnu11;
				GCC_NO_COMMON_BLOCKS = YES;
				GCC_WARN_64_TO_32_BIT_CONVERSION = YES;
				GCC_WARN_ABOUT_RETURN_TYPE = YES_ERROR;
				GCC_WARN_UNDECLARED_SELECTOR = YES;
				GCC_WARN_UNINITIALIZED_AUTOS = YES_AGGRESSIVE;
				GCC_WARN_UNUSED_FUNCTION = YES;
				GCC_WARN_UNUSED_VARIABLE = YES;
				IPHONEOS_DEPLOYMENT_TARGET = 14.0;
				MTL_ENABLE_DEBUG_INFO = NO;
				MTL_FAST_MATH = YES;
				SDKROOT = iphoneos;
				SWIFT_COMPILATION_MODE = wholemodule;
				SWIFT_OPTIMIZATION_LEVEL = "-O";
				VALIDATE_PRODUCT = YES;
			};
			name = Release;
		};
		BDAB07A724B8BE0A00828FEB /* Debug */ = {
			isa = XCBuildConfiguration;
			buildSettings = {
				ASSETCATALOG_COMPILER_APPICON_NAME = AppIcon;
				ASSETCATALOG_COMPILER_GLOBAL_ACCENT_COLOR_NAME = AccentColor;
				CODE_SIGN_STYLE = Automatic;
				DEVELOPMENT_ASSET_PATHS = "\"SwiftUIBiometrics/Preview Content\"";
				DEVELOPMENT_TEAM = P6Z3US2MCA;
				ENABLE_PREVIEWS = YES;
				INFOPLIST_FILE = SwiftUIBiometrics/Info.plist;
				LD_RUNPATH_SEARCH_PATHS = (
					"$(inherited)",
					"@executable_path/Frameworks",
				);
				PRODUCT_BUNDLE_IDENTIFIER = lspusta.SwiftUIBiometrics;
				PRODUCT_NAME = "$(TARGET_NAME)";
				SWIFT_VERSION = 5.0;
				TARGETED_DEVICE_FAMILY = "1,2";
			};
			name = Debug;
		};
		BDAB07A824B8BE0A00828FEB /* Release */ = {
			isa = XCBuildConfiguration;
			buildSettings = {
				ASSETCATALOG_COMPILER_APPICON_NAME = AppIcon;
				ASSETCATALOG_COMPILER_GLOBAL_ACCENT_COLOR_NAME = AccentColor;
				CODE_SIGN_STYLE = Automatic;
				DEVELOPMENT_ASSET_PATHS = "\"SwiftUIBiometrics/Preview Content\"";
				DEVELOPMENT_TEAM = P6Z3US2MCA;
				ENABLE_PREVIEWS = YES;
				INFOPLIST_FILE = SwiftUIBiometrics/Info.plist;
				LD_RUNPATH_SEARCH_PATHS = (
					"$(inherited)",
					"@executable_path/Frameworks",
				);
				PRODUCT_BUNDLE_IDENTIFIER = lspusta.SwiftUIBiometrics;
				PRODUCT_NAME = "$(TARGET_NAME)";
				SWIFT_VERSION = 5.0;
				TARGETED_DEVICE_FAMILY = "1,2";
			};
			name = Release;
		};
/* End XCBuildConfiguration section */

/* Begin XCConfigurationList section */
		BDAB078D24B8BE0800828FEB /* Build configuration list for PBXProject "SwiftUIBiometrics" */ = {
			isa = XCConfigurationList;
			buildConfigurations = (
				BDAB07A424B8BE0A00828FEB /* Debug */,
				BDAB07A524B8BE0A00828FEB /* Release */,
			);
			defaultConfigurationIsVisible = 0;
			defaultConfigurationName = Release;
		};
		BDAB07A624B8BE0A00828FEB /* Build configuration list for PBXNativeTarget "SwiftUIBiometrics" */ = {
			isa = XCConfigurationList;
			buildConfigurations = (
				BDAB07A724B8BE0A00828FEB /* Debug */,
				BDAB07A824B8BE0A00828FEB /* Release */,
			);
			defaultConfigurationIsVisible = 0;
			defaultConfigurationName = Release;
		};
/* End XCConfigurationList section */
	};
	rootObject = BDAB078A24B8BE0800828FEB /* Project object */;
}
